// !$*UTF8*$!
{
	archiveVersion = 1;
	classes = {
	};
	objectVersion = 46;
	objects = {

/* Begin PBXBuildFile section */
		D3EC02B61C5FA0F40007752C /* main.m in Sources */ = {isa = PBXBuildFile; fileRef = D3EC02B51C5FA0F40007752C /* main.m */; };
		D3EC02B91C5FA0F40007752C /* AppDelegate.m in Sources */ = {isa = PBXBuildFile; fileRef = D3EC02B81C5FA0F40007752C /* AppDelegate.m */; };
		D3EC02BF1C5FA0F40007752C /* Main.storyboard in Resources */ = {isa = PBXBuildFile; fileRef = D3EC02BD1C5FA0F40007752C /* Main.storyboard */; };
		D3EC02C11C5FA0F40007752C /* Assets.xcassets in Resources */ = {isa = PBXBuildFile; fileRef = D3EC02C01C5FA0F40007752C /* Assets.xcassets */; };
		D3EC02C41C5FA0F40007752C /* LaunchScreen.storyboard in Resources */ = {isa = PBXBuildFile; fileRef = D3EC02C21C5FA0F40007752C /* LaunchScreen.storyboard */; };
		D3EC02CD1C5FA84A0007752C /* GLKeenViewController.m in Sources */ = {isa = PBXBuildFile; fileRef = D3EC02CC1C5FA84A0007752C /* GLKeenViewController.m */; };
		D3EC02D01C5FAAD00007752C /* GLKeenContext.m in Sources */ = {isa = PBXBuildFile; fileRef = D3EC02CF1C5FAAD00007752C /* GLKeenContext.m */; };
/* End PBXBuildFile section */

/* Begin PBXFileReference section */
		D3EC02B11C5FA0F40007752C /* GLK-2.app */ = {isa = PBXFileReference; explicitFileType = wrapper.application; includeInIndex = 0; path = "GLK-2.app"; sourceTree = BUILT_PRODUCTS_DIR; };
		D3EC02B51C5FA0F40007752C /* main.m */ = {isa = PBXFileReference; lastKnownFileType = sourcecode.c.objc; path = main.m; sourceTree = "<group>"; };
		D3EC02B71C5FA0F40007752C /* AppDelegate.h */ = {isa = PBXFileReference; lastKnownFileType = sourcecode.c.h; path = AppDelegate.h; sourceTree = "<group>"; };
		D3EC02B81C5FA0F40007752C /* AppDelegate.m */ = {isa = PBXFileReference; lastKnownFileType = sourcecode.c.objc; path = AppDelegate.m; sourceTree = "<group>"; };
		D3EC02BE1C5FA0F40007752C /* Base */ = {isa = PBXFileReference; lastKnownFileType = file.storyboard; name = Base; path = Base.lproj/Main.storyboard; sourceTree = "<group>"; };
		D3EC02C01C5FA0F40007752C /* Assets.xcassets */ = {isa = PBXFileReference; lastKnownFileType = folder.assetcatalog; path = Assets.xcassets; sourceTree = "<group>"; };
		D3EC02C31C5FA0F40007752C /* Base */ = {isa = PBXFileReference; lastKnownFileType = file.storyboard; name = Base; path = Base.lproj/LaunchScreen.storyboard; sourceTree = "<group>"; };
		D3EC02C51C5FA0F40007752C /* Info.plist */ = {isa = PBXFileReference; lastKnownFileType = text.plist.xml; path = Info.plist; sourceTree = "<group>"; };
		D3EC02CB1C5FA84A0007752C /* GLKeenViewController.h */ = {isa = PBXFileReference; fileEncoding = 4; lastKnownFileType = sourcecode.c.h; path = GLKeenViewController.h; sourceTree = "<group>"; };
		D3EC02CC1C5FA84A0007752C /* GLKeenViewController.m */ = {isa = PBXFileReference; fileEncoding = 4; lastKnownFileType = sourcecode.c.objc; path = GLKeenViewController.m; sourceTree = "<group>"; };
		D3EC02CE1C5FAAD00007752C /* GLKeenContext.h */ = {isa = PBXFileReference; fileEncoding = 4; lastKnownFileType = sourcecode.c.h; path = GLKeenContext.h; sourceTree = "<group>"; };
		D3EC02CF1C5FAAD00007752C /* GLKeenContext.m */ = {isa = PBXFileReference; fileEncoding = 4; lastKnownFileType = sourcecode.c.objc; path = GLKeenContext.m; sourceTree = "<group>"; };
/* End PBXFileReference section */

/* Begin PBXFrameworksBuildPhase section */
		D3EC02AE1C5FA0F40007752C /* Frameworks */ = {
			isa = PBXFrameworksBuildPhase;
			buildActionMask = 2147483647;
			files = (
			);
			runOnlyForDeploymentPostprocessing = 0;
		};
/* End PBXFrameworksBuildPhase section */

/* Begin PBXGroup section */
		D3EC02A81C5FA0F30007752C = {
			isa = PBXGroup;
			children = (
				D3EC02B31C5FA0F40007752C /* GLK-2 */,
				D3EC02B21C5FA0F40007752C /* Products */,
			);
			sourceTree = "<group>";
		};
		D3EC02B21C5FA0F40007752C /* Products */ = {
			isa = PBXGroup;
			children = (
				D3EC02B11C5FA0F40007752C /* GLK-2.app */,
			);
			name = Products;
			sourceTree = "<group>";
		};
		D3EC02B31C5FA0F40007752C /* GLK-2 */ = {
			isa = PBXGroup;
			children = (
				D3EC02B71C5FA0F40007752C /* AppDelegate.h */,
				D3EC02B81C5FA0F40007752C /* AppDelegate.m */,
				D3EC02BD1C5FA0F40007752C /* Main.storyboard */,
				D3EC02C01C5FA0F40007752C /* Assets.xcassets */,
				D3EC02C21C5FA0F40007752C /* LaunchScreen.storyboard */,
				D3EC02C51C5FA0F40007752C /* Info.plist */,
				D3EC02B41C5FA0F40007752C /* Supporting Files */,
				D3EC02CB1C5FA84A0007752C /* GLKeenViewController.h */,
				D3EC02CC1C5FA84A0007752C /* GLKeenViewController.m */,
				D3EC02CE1C5FAAD00007752C /* GLKeenContext.h */,
				D3EC02CF1C5FAAD00007752C /* GLKeenContext.m */,
			);
			path = "GLK-2";
			sourceTree = "<group>";
		};
		D3EC02B41C5FA0F40007752C /* Supporting Files */ = {
			isa = PBXGroup;
			children = (
				D3EC02B51C5FA0F40007752C /* main.m */,
			);
			name = "Supporting Files";
			sourceTree = "<group>";
		};
/* End PBXGroup section */

/* Begin PBXNativeTarget section */
		D3EC02B01C5FA0F40007752C /* GLK-2 */ = {
			isa = PBXNativeTarget;
			buildConfigurationList = D3EC02C81C5FA0F40007752C /* Build configuration list for PBXNativeTarget "GLK-2" */;
			buildPhases = (
				D3EC02AD1C5FA0F40007752C /* Sources */,
				D3EC02AE1C5FA0F40007752C /* Frameworks */,
				D3EC02AF1C5FA0F40007752C /* Resources */,
			);
			buildRules = (
			);
			dependencies = (
			);
			name = "GLK-2";
			productName = "GLK-2";
			productReference = D3EC02B11C5FA0F40007752C /* GLK-2.app */;
			productType = "com.apple.product-type.application";
		};
/* End PBXNativeTarget section */

/* Begin PBXProject section */
		D3EC02A91C5FA0F30007752C /* Project object */ = {
			isa = PBXProject;
			attributes = {
				LastUpgradeCheck = 0720;
				ORGANIZATIONNAME = volvet;
				TargetAttributes = {
					D3EC02B01C5FA0F40007752C = {
						CreatedOnToolsVersion = 7.2;
					};
				};
			};
			buildConfigurationList = D3EC02AC1C5FA0F40007752C /* Build configuration list for PBXProject "GLK-2" */;
			compatibilityVersion = "Xcode 3.2";
			developmentRegion = English;
			hasScannedForEncodings = 0;
			knownRegions = (
				en,
				Base,
			);
			mainGroup = D3EC02A81C5FA0F30007752C;
			productRefGroup = D3EC02B21C5FA0F40007752C /* Products */;
			projectDirPath = "";
			projectRoot = "";
			targets = (
				D3EC02B01C5FA0F40007752C /* GLK-2 */,
			);
		};
/* End PBXProject section */

/* Begin PBXResourcesBuildPhase section */
		D3EC02AF1C5FA0F40007752C /* Resources */ = {
			isa = PBXResourcesBuildPhase;
			buildActionMask = 2147483647;
			files = (
				D3EC02C41C5FA0F40007752C /* LaunchScreen.storyboard in Resources */,
				D3EC02C11C5FA0F40007752C /* Assets.xcassets in Resources */,
				D3EC02BF1C5FA0F40007752C /* Main.storyboard in Resources */,
			);
			runOnlyForDeploymentPostprocessing = 0;
		};
/* End PBXResourcesBuildPhase section */

/* Begin PBXSourcesBuildPhase section */
		D3EC02AD1C5FA0F40007752C /* Sources */ = {
			isa = PBXSourcesBuildPhase;
			buildActionMask = 2147483647;
			files = (
				D3EC02CD1C5FA84A0007752C /* GLKeenViewController.m in Sources */,
				D3EC02D01C5FAAD00007752C /* GLKeenContext.m in Sources */,
				D3EC02B91C5FA0F40007752C /* AppDelegate.m in Sources */,
				D3EC02B61C5FA0F40007752C /* main.m in Sources */,
			);
			runOnlyForDeploymentPostprocessing = 0;
		};
/* End PBXSourcesBuildPhase section */

/* Begin PBXVariantGroup section */
		D3EC02BD1C5FA0F40007752C /* Main.storyboard */ = {
			isa = PBXVariantGroup;
			children = (
				D3EC02BE1C5FA0F40007752C /* Base */,
			);
			name = Main.storyboard;
			sourceTree = "<group>";
		};
		D3EC02C21C5FA0F40007752C /* LaunchScreen.storyboard */ = {
			isa = PBXVariantGroup;
			children = (
				D3EC02C31C5FA0F40007752C /* Base */,
			);
			name = LaunchScreen.storyboard;
			sourceTree = "<group>";
		};
/* End PBXVariantGroup section */

/* Begin XCBuildConfiguration section */
		D3EC02C61C5FA0F40007752C /* Debug */ = {
			isa = XCBuildConfiguration;
			buildSettings = {
				ALWAYS_SEARCH_USER_PATHS = NO;
				CLANG_CXX_LANGUAGE_STANDARD = "gnu++0x";
				CLANG_CXX_LIBRARY = "libc++";
				CLANG_ENABLE_MODULES = YES;
				CLANG_ENABLE_OBJC_ARC = YES;
				CLANG_WARN_BOOL_CONVERSION = YES;
				CLANG_WARN_CONSTANT_CONVERSION = YES;
				CLANG_WARN_DIRECT_OBJC_ISA_USAGE = YES_ERROR;
				CLANG_WARN_EMPTY_BODY = YES;
				CLANG_WARN_ENUM_CONVERSION = YES;
				CLANG_WARN_INT_CONVERSION = YES;
				CLANG_WARN_OBJC_ROOT_CLASS = YES_ERROR;
				CLANG_WARN_UNREACHABLE_CODE = YES;
				CLANG_WARN__DUPLICATE_METHOD_MATCH = YES;
				"CODE_SIGN_IDENTITY[sdk=iphoneos*]" = "iPhone Developer";
				COPY_PHASE_STRIP = NO;
				DEBUG_INFORMATION_FORMAT = dwarf;
				ENABLE_STRICT_OBJC_MSGSEND = YES;
				ENABLE_TESTABILITY = YES;
				GCC_C_LANGUAGE_STANDARD = gnu99;
				GCC_DYNAMIC_NO_PIC = NO;
				GCC_NO_COMMON_BLOCKS = YES;
				GCC_OPTIMIZATION_LEVEL = 0;
				GCC_PREPROCESSOR_DEFINITIONS = (
					"DEBUG=1",
					"$(inherited)",
				);
				GCC_WARN_64_TO_32_BIT_CONVERSION = YES;
				GCC_WARN_ABOUT_RETURN_TYPE = YES_ERROR;
				GCC_WARN_UNDECLARED_SELECTOR = YES;
				GCC_WARN_UNINITIALIZED_AUTOS = YES_AGGRESSIVE;
				GCC_WARN_UNUSED_FUNCTION = YES;
				GCC_WARN_UNUSED_VARIABLE = YES;
				IPHONEOS_DEPLOYMENT_TARGET = 9.2;
				MTL_ENABLE_DEBUG_INFO = YES;
				ONLY_ACTIVE_ARCH = YES;
				SDKROOT = iphoneos;
				TARGETED_DEVICE_FAMILY = "1,2";
			};
			name = Debug;
		};
		D3EC02C71C5FA0F40007752C /* Release */ = {
			isa = XCBuildConfiguration;
			buildSettings = {
				ALWAYS_SEARCH_USER_PATHS = NO;
				CLANG_CXX_LANGUAGE_STANDARD = "gnu++0x";
				CLANG_CXX_LIBRARY = "libc++";
				CLANG_ENABLE_MODULES = YES;
				CLANG_ENABLE_OBJC_ARC = YES;
				CLANG_WARN_BOOL_CONVERSION = YES;
				CLANG_WARN_CONSTANT_CONVERSION = YES;
				CLANG_WARN_DIRECT_OBJC_ISA_USAGE = YES_ERROR;
				CLANG_WARN_EMPTY_BODY = YES;
				CLANG_WARN_ENUM_CONVERSION = YES;
				CLANG_WARN_INT_CONVERSION = YES;
				CLANG_WARN_OBJC_ROOT_CLASS = YES_ERROR;
				CLANG_WARN_UNREACHABLE_CODE = YES;
				CLANG_WARN__DUPLICATE_METHOD_MATCH = YES;
				"CODE_SIGN_IDENTITY[sdk=iphoneos*]" = "iPhone Developer";
				COPY_PHASE_STRIP = NO;
				DEBUG_INFORMATION_FORMAT = "dwarf-with-dsym";
				ENABLE_NS_ASSERTIONS = NO;
				ENABLE_STRICT_OBJC_MSGSEND = YES;
				GCC_C_LANGUAGE_STANDARD = gnu99;
				GCC_NO_COMMON_BLOCKS = YES;
				GCC_WARN_64_TO_32_BIT_CONVERSION = YES;
				GCC_WARN_ABOUT_RETURN_TYPE = YES_ERROR;
				GCC_WARN_UNDECLARED_SELECTOR = YES;
				GCC_WARN_UNINITIALIZED_AUTOS = YES_AGGRESSIVE;
				GCC_WARN_UNUSED_FUNCTION = YES;
				GCC_WARN_UNUSED_VARIABLE = YES;
				IPHONEOS_DEPLOYMENT_TARGET = 9.2;
				MTL_ENABLE_DEBUG_INFO = NO;
				SDKROOT = iphoneos;
				TARGETED_DEVICE_FAMILY = "1,2";
				VALIDATE_PRODUCT = YES;
			};
			name = Release;
		};
		D3EC02C91C5FA0F40007752C /* Debug */ = {
			isa = XCBuildConfiguration;
			buildSettings = {
				ASSETCATALOG_COMPILER_APPICON_NAME = AppIcon;
				INFOPLIST_FILE = "GLK-2/Info.plist";
				LD_RUNPATH_SEARCH_PATHS = "$(inherited) @executable_path/Frameworks";
				PRODUCT_BUNDLE_IDENTIFIER = "volvet.GLK-2";
				PRODUCT_NAME = "$(TARGET_NAME)";
			};
			name = Debug;
		};
		D3EC02CA1C5FA0F40007752C /* Release */ = {
			isa = XCBuildConfiguration;
			buildSettings = {
				ASSETCATALOG_COMPILER_APPICON_NAME = AppIcon;
				INFOPLIST_FILE = "GLK-2/Info.plist";
				LD_RUNPATH_SEARCH_PATHS = "$(inherited) @executable_path/Frameworks";
				PRODUCT_BUNDLE_IDENTIFIER = "volvet.GLK-2";
				PRODUCT_NAME = "$(TARGET_NAME)";
			};
			name = Release;
		};
/* End XCBuildConfiguration section */

/* Begin XCConfigurationList section */
		D3EC02AC1C5FA0F40007752C /* Build configuration list for PBXProject "GLK-2" */ = {
			isa = XCConfigurationList;
			buildConfigurations = (
				D3EC02C61C5FA0F40007752C /* Debug */,
				D3EC02C71C5FA0F40007752C /* Release */,
			);
			defaultConfigurationIsVisible = 0;
			defaultConfigurationName = Release;
		};
		D3EC02C81C5FA0F40007752C /* Build configuration list for PBXNativeTarget "GLK-2" */ = {
			isa = XCConfigurationList;
			buildConfigurations = (
				D3EC02C91C5FA0F40007752C /* Debug */,
				D3EC02CA1C5FA0F40007752C /* Release */,
			);
			defaultConfigurationIsVisible = 0;
		};
/* End XCConfigurationList section */
	};
	rootObject = D3EC02A91C5FA0F30007752C /* Project object */;
}
